// !$*UTF8*$!
{
	archiveVersion = 1;
	classes = {
	};
	objectVersion = 110;
	objects = {

/* Begin PBXBuildFile section */
		FC1843032FE14D76000D55F6 /* Studio Extension.appex in Embed Foundation Extensions */ = {isa = PBXBuildFile; fileRef = FC1843022FE14D76000D55F6 /* Studio Extension.appex */; settings = {ATTRIBUTES = (RemoveHeadersOnCopy, ); }; };
		1CE5A784B74A88B7819E3A9D /* StudioApp.swift in Sources */ = {isa = PBXBuildFile; fileRef = BE64FAC009F9A9994025F9F2 /* StudioApp.swift */; };
		B07187EE6245E5E4698AFC03 /* AIService.swift in Sources */ = {isa = PBXBuildFile; fileRef = 7EB93ECB2F0F39781A5048CC /* AIService.swift */; };
		D5E133FAD5E9B35E643E236B /* AIContext.swift in Sources */ = {isa = PBXBuildFile; fileRef = D73D24FB005A8D30AD40922B /* AIContext.swift */; };
		0E8C9350627619D7E7A3CC26 /* ModelFetching.swift in Sources */ = {isa = PBXBuildFile; fileRef = FEF732239938727A0C62FC4A /* ModelFetching.swift */; };
		FF01BB5FC67213E8A3D51177 /* UnifiedContent.swift in Sources */ = {isa = PBXBuildFile; fileRef = B3904EFDB27723742188FF49 /* UnifiedContent.swift */; };
		C0D85D8FC18C02A6A808A534 /* ChatMessage.swift in Sources */ = {isa = PBXBuildFile; fileRef = AAA3C3C38BE2B44EB9F42EFD /* ChatMessage.swift */; };
		A7D0C3FA5504B47F12819F04 /* ChatView.swift in Sources */ = {isa = PBXBuildFile; fileRef = 562D376C278FDBA426662214 /* ChatView.swift */; };
		6C14F844C2013E1B3C416441 /* ChatViewModel.swift in Sources */ = {isa = PBXBuildFile; fileRef = 832583461AC72625FFC51D4F /* ChatViewModel.swift */; };
		AF10A03E468BE94E0ED4A911 /* DocumentView.swift in Sources */ = {isa = PBXBuildFile; fileRef = 6ABAC32EDAC5189A27748306 /* DocumentView.swift */; };
		FA3D25706E6000B7FF7EC0FC /* DocumentViewModel.swift in Sources */ = {isa = PBXBuildFile; fileRef = 46498EE4943350D2B962AAAF /* DocumentViewModel.swift */; };
		F6FE9C37A7AC5D6751CE2765 /* MeetingModel.swift in Sources */ = {isa = PBXBuildFile; fileRef = 2048CF856D615C597D89BE64 /* MeetingModel.swift */; };
		F18F3E08543BFF159F27196A /* MeetingsView.swift in Sources */ = {isa = PBXBuildFile; fileRef = 54F4C0FECC5249B35472114B /* MeetingsView.swift */; };
		52F86CA39FEAD52749D1E8F6 /* MeetingsViewModel.swift in Sources */ = {isa = PBXBuildFile; fileRef = 00AAB887BB15F183EC983383 /* MeetingsViewModel.swift */; };
		92343EDDA3C891C84B61A4EC /* NoteBlock.swift in Sources */ = {isa = PBXBuildFile; fileRef = DC346269D7E1BDC4F3E6F689 /* NoteBlock.swift */; };
		984088E590A12E321E5DC6C5 /* NotebookView.swift in Sources */ = {isa = PBXBuildFile; fileRef = ED92D4CB769485AF9EC96F97 /* NotebookView.swift */; };
		A94EC3A8EB24DAD54F72BFFC /* NotebookViewModel.swift in Sources */ = {isa = PBXBuildFile; fileRef = 91DC70FF505B3F70E338C3A8 /* NotebookViewModel.swift */; };
		6DA93EAF35D996BA1FDB6F12 /* PresentationView.swift in Sources */ = {isa = PBXBuildFile; fileRef = 127B308883924FB6EF5F8CFA /* PresentationView.swift */; };
		20915BDA76792F846B83C89F /* PresentationViewModel.swift in Sources */ = {isa = PBXBuildFile; fileRef = 7C04A6E556691216052B9728 /* PresentationViewModel.swift */; };
		F8802222D7E587F29968E382 /* SlideModel.swift in Sources */ = {isa = PBXBuildFile; fileRef = 4983C79445DF93C265E9F0D2 /* SlideModel.swift */; };
		93A898DF93142D99A00102B4 /* TranslateView.swift in Sources */ = {isa = PBXBuildFile; fileRef = B0F62677F74436AF9BDD0393 /* TranslateView.swift */; };
		73B2393FEC0DF4D958D7E78D /* TranslateViewModel.swift in Sources */ = {isa = PBXBuildFile; fileRef = 87C05FA9DF76A61B26A2A088 /* TranslateViewModel.swift */; };
		781BC8DA87DE5EE15E4D57AF /* TranslationModel.swift in Sources */ = {isa = PBXBuildFile; fileRef = 8689B613FBFA5634890A6127 /* TranslationModel.swift */; };
		2183851E5DDC3EE3B355C8E9 /* AISidePanel.swift in Sources */ = {isa = PBXBuildFile; fileRef = BB2A87BEB96DDBF56193A9CE /* AISidePanel.swift */; };
		ABE3B70222404EBC9D6B0F8F /* CommandBar.swift in Sources */ = {isa = PBXBuildFile; fileRef = 73E534EF6A01F95BA93462C8 /* CommandBar.swift */; };
		8DD160485FF4C07122FF3E8A /* MainView.swift in Sources */ = {isa = PBXBuildFile; fileRef = A94915E244AFC6D35F1101F8 /* MainView.swift */; };
		78B26539188A9A3369AB2FC1 /* SettingsView.swift in Sources */ = {isa = PBXBuildFile; fileRef = 10162AD58EB145CDD13113A2 /* SettingsView.swift */; };
		A10000000000000000000001 /* SafariWebExtensionHandler.swift in Sources */ = {isa = PBXBuildFile; fileRef = A10000000000000000000004 /* SafariWebExtensionHandler.swift */; };
		A10000000000000000000002 /* StudioTests.swift in Sources */ = {isa = PBXBuildFile; fileRef = A10000000000000000000005 /* StudioTests.swift */; };
		A10000000000000000000003 /* StudioUITests.swift in Sources */ = {isa = PBXBuildFile; fileRef = A10000000000000000000006 /* StudioUITests.swift */; };
/* End PBXBuildFile section */

/* Begin PBXContainerItemProxy section */
		FC1842EF2FE14D76000D55F6 /* PBXContainerItemProxy */ = {
			isa = PBXContainerItemProxy;
			containerPortal = FC1842C92FE14D75000D55F6 /* Project object */;
			proxyType = 1;
			remoteGlobalIDString = FC1842D02FE14D75000D55F6;
			remoteInfo = Studio;
		};
		FC1842F92FE14D76000D55F6 /* PBXContainerItemProxy */ = {
			isa = PBXContainerItemProxy;
			containerPortal = FC1842C92FE14D75000D55F6 /* Project object */;
			proxyType = 1;
			remoteGlobalIDString = FC1842D02FE14D75000D55F6;
			remoteInfo = Studio;
		};
		FC1843042FE14D76000D55F6 /* PBXContainerItemProxy */ = {
			isa = PBXContainerItemProxy;
			containerPortal = FC1842C92FE14D75000D55F6 /* Project object */;
			proxyType = 1;
			remoteGlobalIDString = FC1843012FE14D76000D55F6;
			remoteInfo = "Studio Extension";
		};
/* End PBXContainerItemProxy section */

/* Begin PBXCopyFilesBuildPhase section */
		FC1843212FE14D76000D55F6 /* Embed Foundation Extensions */ = {
			isa = PBXCopyFilesBuildPhase;
			dstPath = "";
			dstSubfolder = PlugIns;
			files = (
				FC1843032FE14D76000D55F6 /* Studio Extension.appex in Embed Foundation Extensions */,
			);
			name = "Embed Foundation Extensions";
		};
/* End PBXCopyFilesBuildPhase section */

/* Begin PBXFileReference section */
		FC1842D12FE14D75000D55F6 /* Studio.app */ = {isa = PBXFileReference; explicitFileType = wrapper.application; includeInIndex = 0; path = Studio.app; sourceTree = BUILT_PRODUCTS_DIR; };
		FC1842EE2FE14D76000D55F6 /* StudioTests.xctest */ = {isa = PBXFileReference; explicitFileType = wrapper.cfbundle; includeInIndex = 0; path = StudioTests.xctest; sourceTree = BUILT_PRODUCTS_DIR; };
		FC1842F82FE14D76000D55F6 /* StudioUITests.xctest */ = {isa = PBXFileReference; explicitFileType = wrapper.cfbundle; includeInIndex = 0; path = StudioUITests.xctest; sourceTree = BUILT_PRODUCTS_DIR; };
		FC1843022FE14D76000D55F6 /* Studio Extension.appex */ = {isa = PBXFileReference; explicitFileType = "wrapper.app-extension"; includeInIndex = 0; path = "Studio Extension.appex"; sourceTree = BUILT_PRODUCTS_DIR; };
		BE64FAC009F9A9994025F9F2 /* StudioApp.swift */ = {isa = PBXFileReference; lastKnownFileType = sourcecode.swift; path = "StudioApp.swift"; sourceTree = "<group>"; };
		7EB93ECB2F0F39781A5048CC /* AIService.swift */ = {isa = PBXFileReference; lastKnownFileType = sourcecode.swift; path = "AIService.swift"; sourceTree = "<group>"; };
		D73D24FB005A8D30AD40922B /* AIContext.swift */ = {isa = PBXFileReference; lastKnownFileType = sourcecode.swift; path = "AIContext.swift"; sourceTree = "<group>"; };
		FEF732239938727A0C62FC4A /* ModelFetching.swift */ = {isa = PBXFileReference; lastKnownFileType = sourcecode.swift; path = "ModelFetching.swift"; sourceTree = "<group>"; };
		B3904EFDB27723742188FF49 /* UnifiedContent.swift */ = {isa = PBXFileReference; lastKnownFileType = sourcecode.swift; path = "UnifiedContent.swift"; sourceTree = "<group>"; };
		AAA3C3C38BE2B44EB9F42EFD /* ChatMessage.swift */ = {isa = PBXFileReference; lastKnownFileType = sourcecode.swift; path = "ChatMessage.swift"; sourceTree = "<group>"; };
		562D376C278FDBA426662214 /* ChatView.swift */ = {isa = PBXFileReference; lastKnownFileType = sourcecode.swift; path = "ChatView.swift"; sourceTree = "<group>"; };
		832583461AC72625FFC51D4F /* ChatViewModel.swift */ = {isa = PBXFileReference; lastKnownFileType = sourcecode.swift; path = "ChatViewModel.swift"; sourceTree = "<group>"; };
		6ABAC32EDAC5189A27748306 /* DocumentView.swift */ = {isa = PBXFileReference; lastKnownFileType = sourcecode.swift; path = "DocumentView.swift"; sourceTree = "<group>"; };
		46498EE4943350D2B962AAAF /* DocumentViewModel.swift */ = {isa = PBXFileReference; lastKnownFileType = sourcecode.swift; path = "DocumentViewModel.swift"; sourceTree = "<group>"; };
		2048CF856D615C597D89BE64 /* MeetingModel.swift */ = {isa = PBXFileReference; lastKnownFileType = sourcecode.swift; path = "MeetingModel.swift"; sourceTree = "<group>"; };
		54F4C0FECC5249B35472114B /* MeetingsView.swift */ = {isa = PBXFileReference; lastKnownFileType = sourcecode.swift; path = "MeetingsView.swift"; sourceTree = "<group>"; };
		00AAB887BB15F183EC983383 /* MeetingsViewModel.swift */ = {isa = PBXFileReference; lastKnownFileType = sourcecode.swift; path = "MeetingsViewModel.swift"; sourceTree = "<group>"; };
		DC346269D7E1BDC4F3E6F689 /* NoteBlock.swift */ = {isa = PBXFileReference; lastKnownFileType = sourcecode.swift; path = "NoteBlock.swift"; sourceTree = "<group>"; };
		ED92D4CB769485AF9EC96F97 /* NotebookView.swift */ = {isa = PBXFileReference; lastKnownFileType = sourcecode.swift; path = "NotebookView.swift"; sourceTree = "<group>"; };
		91DC70FF505B3F70E338C3A8 /* NotebookViewModel.swift */ = {isa = PBXFileReference; lastKnownFileType = sourcecode.swift; path = "NotebookViewModel.swift"; sourceTree = "<group>"; };
		127B308883924FB6EF5F8CFA /* PresentationView.swift */ = {isa = PBXFileReference; lastKnownFileType = sourcecode.swift; path = "PresentationView.swift"; sourceTree = "<group>"; };
		7C04A6E556691216052B9728 /* PresentationViewModel.swift */ = {isa = PBXFileReference; lastKnownFileType = sourcecode.swift; path = "PresentationViewModel.swift"; sourceTree = "<group>"; };
		4983C79445DF93C265E9F0D2 /* SlideModel.swift */ = {isa = PBXFileReference; lastKnownFileType = sourcecode.swift; path = "SlideModel.swift"; sourceTree = "<group>"; };
		B0F62677F74436AF9BDD0393 /* TranslateView.swift */ = {isa = PBXFileReference; lastKnownFileType = sourcecode.swift; path = "TranslateView.swift"; sourceTree = "<group>"; };
		87C05FA9DF76A61B26A2A088 /* TranslateViewModel.swift */ = {isa = PBXFileReference; lastKnownFileType = sourcecode.swift; path = "TranslateViewModel.swift"; sourceTree = "<group>"; };
		8689B613FBFA5634890A6127 /* TranslationModel.swift */ = {isa = PBXFileReference; lastKnownFileType = sourcecode.swift; path = "TranslationModel.swift"; sourceTree = "<group>"; };
		BB2A87BEB96DDBF56193A9CE /* AISidePanel.swift */ = {isa = PBXFileReference; lastKnownFileType = sourcecode.swift; path = "AISidePanel.swift"; sourceTree = "<group>"; };
		73E534EF6A01F95BA93462C8 /* CommandBar.swift */ = {isa = PBXFileReference; lastKnownFileType = sourcecode.swift; path = "CommandBar.swift"; sourceTree = "<group>"; };
		A94915E244AFC6D35F1101F8 /* MainView.swift */ = {isa = PBXFileReference; lastKnownFileType = sourcecode.swift; path = "MainView.swift"; sourceTree = "<group>"; };
		10162AD58EB145CDD13113A2 /* SettingsView.swift */ = {isa = PBXFileReference; lastKnownFileType = sourcecode.swift; path = "SettingsView.swift"; sourceTree = "<group>"; };
		A10000000000000000000004 /* SafariWebExtensionHandler.swift */ = {isa = PBXFileReference; lastKnownFileType = sourcecode.swift; path = "Studio Extension/SafariWebExtensionHandler.swift"; sourceTree = "<group>"; };
		A10000000000000000000005 /* StudioTests.swift */ = {isa = PBXFileReference; lastKnownFileType = sourcecode.swift; path = "StudioTests/StudioTests.swift"; sourceTree = "<group>"; };
		A10000000000000000000006 /* StudioUITests.swift */ = {isa = PBXFileReference; lastKnownFileType = sourcecode.swift; path = "StudioUITests/StudioUITests.swift"; sourceTree = "<group>"; };
/* End PBXFileReference section */

/* Begin PBXFileSystemSynchronizedBuildFileExceptionSet section */
		FC18431C2FE14D76000D55F6 /* Exceptions for "Studio" folder in "Studio" target */ = {
			isa = PBXFileSystemSynchronizedBuildFileExceptionSet;
			membershipExceptions = (
				Info.plist,
			);
			target = FC1842D02FE14D75000D55F6 /* Studio */;
		};
		FC1843202FE14D76000D55F6 /* Exceptions for "Studio Extension" folder in "Studio Extension" target */ = {
			isa = PBXFileSystemSynchronizedBuildFileExceptionSet;
			membershipExceptions = (
				Info.plist,
			);
			target = FC1843012FE14D76000D55F6 /* Studio Extension */;
		};
/* End PBXFileSystemSynchronizedBuildFileExceptionSet section */

/* Begin PBXFileSystemSynchronizedRootGroup section */
		FC1842D32FE14D75000D55F6 /* Studio */ = {
			isa = PBXFileSystemSynchronizedRootGroup;
			exceptions = (
				FC18431C2FE14D76000D55F6 /* Exceptions for "Studio" folder in "Studio" target */,
			);
			path = Studio;
			sourceTree = "<group>";
		};
		FC1842F12FE14D76000D55F6 /* StudioTests */ = {
			isa = PBXFileSystemSynchronizedRootGroup;
			path = StudioTests;
			sourceTree = "<group>";
		};
		FC1842FB2FE14D76000D55F6 /* StudioUITests */ = {
			isa = PBXFileSystemSynchronizedRootGroup;
			path = StudioUITests;
			sourceTree = "<group>";
		};
		FC1843062FE14D76000D55F6 /* Studio Extension */ = {
			isa = PBXFileSystemSynchronizedRootGroup;
			exceptions = (
				FC1843202FE14D76000D55F6 /* Exceptions for "Studio Extension" folder in "Studio Extension" target */,
			);
			explicitFolders = (
				Resources/_locales,
				Resources/images,
			);
			path = "Studio Extension";
			sourceTree = "<group>";
		};
/* End PBXFileSystemSynchronizedRootGroup section */

/* Begin PBXFrameworksBuildPhase section */
		FC1842CE2FE14D75000D55F6 /* Frameworks */ = {
			isa = PBXFrameworksBuildPhase;
			files = (
			);
		};
		FC1842EB2FE14D76000D55F6 /* Frameworks */ = {
			isa = PBXFrameworksBuildPhase;
			files = (
			);
		};
		FC1842F52FE14D76000D55F6 /* Frameworks */ = {
			isa = PBXFrameworksBuildPhase;
			files = (
			);
		};
		FC1842FF2FE14D76000D55F6 /* Frameworks */ = {
			isa = PBXFrameworksBuildPhase;
			files = (
			);
		};
/* End PBXFrameworksBuildPhase section */

/* Begin PBXGroup section */
		FC1842C82FE14D75000D55F6 = {
			isa = PBXGroup;
			children = (
				CB241B2946652A5BE29B7D70 /* App */,
				A3A749EBA86B7A4805844741 /* AI */,
				23DDF7175A78A710B97CC540 /* Core */,
				C0866AC628DE5B003258E6A2 /* Features */,
				947EC8B76CF300BFF6FA997D /* Views */,
				FC1842D32FE14D75000D55F6 /* Studio */,
				FC1842F12FE14D76000D55F6 /* StudioTests */,
				FC1842FB2FE14D76000D55F6 /* StudioUITests */,
				FC1843062FE14D76000D55F6 /* Studio Extension */,
				FC1842D22FE14D75000D55F6 /* Products */,
			);
			sourceTree = "<group>";
		};
		FC1842D22FE14D75000D55F6 /* Products */ = {
			isa = PBXGroup;
			children = (
				FC1842D12FE14D75000D55F6 /* Studio.app */,
				FC1842EE2FE14D76000D55F6 /* StudioTests.xctest */,
				FC1842F82FE14D76000D55F6 /* StudioUITests.xctest */,
				FC1843022FE14D76000D55F6 /* Studio Extension.appex */,
			);
			name = Products;
			sourceTree = "<group>";
		};
		CB241B2946652A5BE29B7D70 /* App */ = {
			isa = PBXGroup;
			children = (
				BE64FAC009F9A9994025F9F2 /* StudioApp.swift */,
			);
			path = "Studio/App";
			sourceTree = "<group>";
		};
		A3A749EBA86B7A4805844741 /* AI */ = {
			isa = PBXGroup;
			children = (
				7EB93ECB2F0F39781A5048CC /* AIService.swift */,
				D73D24FB005A8D30AD40922B /* AIContext.swift */,
				FEF732239938727A0C62FC4A /* ModelFetching.swift */,
			);
			path = "Studio/AI";
			sourceTree = "<group>";
		};
		23DDF7175A78A710B97CC540 /* Core */ = {
			isa = PBXGroup;
			children = (
				B3904EFDB27723742188FF49 /* UnifiedContent.swift */,
			);
			path = "Studio/Core";
			sourceTree = "<group>";
		};
		C0866AC628DE5B003258E6A2 /* Features */ = {
			isa = PBXGroup;
			children = (
				FA98DE8737ADFA5D5D2EC28C /* Chat */,
				FC86E9FDC362A49964C2F0BF /* Document */,
				25ED9CC0DB7DA317951A70AE /* Meetings */,
				B7B7DE54ACD1ACEFC5DA6BD8 /* Notebook */,
				F504872EE6BE80470667E007 /* Presentation */,
				FB98265A7EF21664EDC3E018 /* Translate */,
			);
			path = "Studio/Features";
			sourceTree = "<group>";
		};
		FA98DE8737ADFA5D5D2EC28C /* Chat */ = {
			isa = PBXGroup;
			children = (
				AAA3C3C38BE2B44EB9F42EFD /* ChatMessage.swift */,
				562D376C278FDBA426662214 /* ChatView.swift */,
				832583461AC72625FFC51D4F /* ChatViewModel.swift */,
			);
			path = "Chat";
			sourceTree = "<group>";
		};
		FC86E9FDC362A49964C2F0BF /* Document */ = {
			isa = PBXGroup;
			children = (
				6ABAC32EDAC5189A27748306 /* DocumentView.swift */,
				46498EE4943350D2B962AAAF /* DocumentViewModel.swift */,
			);
			path = "Document";
			sourceTree = "<group>";
		};
		25ED9CC0DB7DA317951A70AE /* Meetings */ = {
			isa = PBXGroup;
			children = (
				2048CF856D615C597D89BE64 /* MeetingModel.swift */,
				54F4C0FECC5249B35472114B /* MeetingsView.swift */,
				00AAB887BB15F183EC983383 /* MeetingsViewModel.swift */,
			);
			path = "Meetings";
			sourceTree = "<group>";
		};
		B7B7DE54ACD1ACEFC5DA6BD8 /* Notebook */ = {
			isa = PBXGroup;
			children = (
				DC346269D7E1BDC4F3E6F689 /* NoteBlock.swift */,
				ED92D4CB769485AF9EC96F97 /* NotebookView.swift */,
				91DC70FF505B3F70E338C3A8 /* NotebookViewModel.swift */,
			);
			path = "Notebook";
			sourceTree = "<group>";
		};
		F504872EE6BE80470667E007 /* Presentation */ = {
			isa = PBXGroup;
			children = (
				127B308883924FB6EF5F8CFA /* PresentationView.swift */,
				7C04A6E556691216052B9728 /* PresentationViewModel.swift */,
				4983C79445DF93C265E9F0D2 /* SlideModel.swift */,
			);
			path = "Presentation";
			sourceTree = "<group>";
		};
		FB98265A7EF21664EDC3E018 /* Translate */ = {
			isa = PBXGroup;
			children = (
				B0F62677F74436AF9BDD0393 /* TranslateView.swift */,
				87C05FA9DF76A61B26A2A088 /* TranslateViewModel.swift */,
				8689B613FBFA5634890A6127 /* TranslationModel.swift */,
			);
			path = "Translate";
			sourceTree = "<group>";
		};
		947EC8B76CF300BFF6FA997D /* Views */ = {
			isa = PBXGroup;
			children = (
				BB2A87BEB96DDBF56193A9CE /* AISidePanel.swift */,
				73E534EF6A01F95BA93462C8 /* CommandBar.swift */,
				A94915E244AFC6D35F1101F8 /* MainView.swift */,
				10162AD58EB145CDD13113A2 /* SettingsView.swift */,
			);
			path = "Studio/Views";
			sourceTree = "<group>";
		};
/* End PBXGroup section */

/* Begin PBXNativeTarget section */
		FC1842D02FE14D75000D55F6 /* Studio */ = {
			isa = PBXNativeTarget;
			buildConfigurationList = FC1843222FE14D76000D55F6 /* Build configuration list for PBXNativeTarget "Studio" */;
			buildPhases = (
				FC1842CD2FE14D75000D55F6 /* Sources */,
				FC1842CE2FE14D75000D55F6 /* Frameworks */,
				FC1842CF2FE14D75000D55F6 /* Resources */,
				FC1843212FE14D76000D55F6 /* Embed Foundation Extensions */,
			);
			buildRules = (
			);
			dependencies = (
				FC1843052FE14D76000D55F6 /* PBXTargetDependency */,
			);
			fileSystemSynchronizedGroups = (
				FC1842D32FE14D75000D55F6 /* Studio */,
			);
			name = Studio;
			productName = Studio;
			productReference = FC1842D12FE14D75000D55F6 /* Studio.app */;
			productType = "com.apple.product-type.application";
		};
		FC1842ED2FE14D76000D55F6 /* StudioTests */ = {
			isa = PBXNativeTarget;
			buildConfigurationList = FC1843272FE14D76000D55F6 /* Build configuration list for PBXNativeTarget "StudioTests" */;
			buildPhases = (
				FC1842EA2FE14D76000D55F6 /* Sources */,
				FC1842EB2FE14D76000D55F6 /* Frameworks */,
				FC1842EC2FE14D76000D55F6 /* Resources */,
			);
			buildRules = (
			);
			dependencies = (
				FC1842F02FE14D76000D55F6 /* PBXTargetDependency */,
			);
			fileSystemSynchronizedGroups = (
				FC1842F12FE14D76000D55F6 /* StudioTests */,
			);
			name = StudioTests;
			productName = StudioTests;
			productReference = FC1842EE2FE14D76000D55F6 /* StudioTests.xctest */;
			productType = "com.apple.product-type.bundle.unit-test";
		};
		FC1842F72FE14D76000D55F6 /* StudioUITests */ = {
			isa = PBXNativeTarget;
			buildConfigurationList = FC18432A2FE14D76000D55F6 /* Build configuration list for PBXNativeTarget "StudioUITests" */;
			buildPhases = (
				FC1842F42FE14D76000D55F6 /* Sources */,
				FC1842F52FE14D76000D55F6 /* Frameworks */,
				FC1842F62FE14D76000D55F6 /* Resources */,
			);
			buildRules = (
			);
			dependencies = (
				FC1842FA2FE14D76000D55F6 /* PBXTargetDependency */,
			);
			fileSystemSynchronizedGroups = (
				FC1842FB2FE14D76000D55F6 /* StudioUITests */,
			);
			name = StudioUITests;
			productName = StudioUITests;
			productReference = FC1842F82FE14D76000D55F6 /* StudioUITests.xctest */;
			productType = "com.apple.product-type.bundle.ui-testing";
		};
		FC1843012FE14D76000D55F6 /* Studio Extension */ = {
			isa = PBXNativeTarget;
			buildConfigurationList = FC18431D2FE14D76000D55F6 /* Build configuration list for PBXNativeTarget "Studio Extension" */;
			buildPhases = (
				FC1842FE2FE14D76000D55F6 /* Sources */,
				FC1842FF2FE14D76000D55F6 /* Frameworks */,
				FC1843002FE14D76000D55F6 /* Resources */,
			);
			buildRules = (
			);
			fileSystemSynchronizedGroups = (
				FC1843062FE14D76000D55F6 /* Studio Extension */,
			);
			name = "Studio Extension";
			productName = "Studio Extension";
			productReference = FC1843022FE14D76000D55F6 /* Studio Extension.appex */;
			productType = "com.apple.product-type.app-extension";
		};
/* End PBXNativeTarget section */

/* Begin PBXProject section */
		FC1842C92FE14D75000D55F6 /* Project object */ = {
			isa = PBXProject;
			attributes = {
				BuildIndependentTargetsInParallel = 1;
				LastSwiftUpdateCheck = 2700;
				LastUpgradeCheck = 2700;
				TargetAttributes = {
					FC1842D02FE14D75000D55F6 = {
						CreatedOnToolsVersion = 27.0;
					};
					FC1842ED2FE14D76000D55F6 = {
						CreatedOnToolsVersion = 27.0;
						TestTargetID = FC1842D02FE14D75000D55F6;
					};
					FC1842F72FE14D76000D55F6 = {
						CreatedOnToolsVersion = 27.0;
						TestTargetID = FC1842D02FE14D75000D55F6;
					};
					FC1843012FE14D76000D55F6 = {
						CreatedOnToolsVersion = 27.0;
					};
				};
			};
			buildConfigurationList = FC1842CC2FE14D75000D55F6 /* Build configuration list for PBXProject "Studio" */;
			developmentRegion = en;
			hasScannedForEncodings = 0;
			knownRegions = (
				en,
				Base,
			);
			mainGroup = FC1842C82FE14D75000D55F6;
			minimizedProjectReferenceProxies = 1;
			preferredProjectObjectVersion = 77;
			productRefGroup = FC1842D22FE14D75000D55F6 /* Products */;
			projectDirPath = "";
			projectRoot = "";
			targets = (
				FC1842D02FE14D75000D55F6 /* Studio */,
				FC1842ED2FE14D76000D55F6 /* StudioTests */,
				FC1842F72FE14D76000D55F6 /* StudioUITests */,
				FC1843012FE14D76000D55F6 /* Studio Extension */,
			);
		};
/* End PBXProject section */

/* Begin PBXResourcesBuildPhase section */
		FC1842CF2FE14D75000D55F6 /* Resources */ = {
			isa = PBXResourcesBuildPhase;
			files = (
			);
		};
		FC1842EC2FE14D76000D55F6 /* Resources */ = {
			isa = PBXResourcesBuildPhase;
			files = (
			);
		};
		FC1842F62FE14D76000D55F6 /* Resources */ = {
			isa = PBXResourcesBuildPhase;
			files = (
			);
		};
		FC1843002FE14D76000D55F6 /* Resources */ = {
			isa = PBXResourcesBuildPhase;
			files = (
			);
		};
/* End PBXResourcesBuildPhase section */

/* Begin PBXSourcesBuildPhase section */
		FC1842CD2FE14D75000D55F6 /* Sources */ = {
			isa = PBXSourcesBuildPhase;
			files = (
				1CE5A784B74A88B7819E3A9D /* StudioApp.swift in Sources */,
				B07187EE6245E5E4698AFC03 /* AIService.swift in Sources */,
				D5E133FAD5E9B35E643E236B /* AIContext.swift in Sources */,
				0E8C9350627619D7E7A3CC26 /* ModelFetching.swift in Sources */,
				FF01BB5FC67213E8A3D51177 /* UnifiedContent.swift in Sources */,
				C0D85D8FC18C02A6A808A534 /* ChatMessage.swift in Sources */,
				A7D0C3FA5504B47F12819F04 /* ChatView.swift in Sources */,
				6C14F844C2013E1B3C416441 /* ChatViewModel.swift in Sources */,
				AF10A03E468BE94E0ED4A911 /* DocumentView.swift in Sources */,
				FA3D25706E6000B7FF7EC0FC /* DocumentViewModel.swift in Sources */,
				F6FE9C37A7AC5D6751CE2765 /* MeetingModel.swift in Sources */,
				F18F3E08543BFF159F27196A /* MeetingsView.swift in Sources */,
				52F86CA39FEAD52749D1E8F6 /* MeetingsViewModel.swift in Sources */,
				92343EDDA3C891C84B61A4EC /* NoteBlock.swift in Sources */,
				984088E590A12E321E5DC6C5 /* NotebookView.swift in Sources */,
				A94EC3A8EB24DAD54F72BFFC /* NotebookViewModel.swift in Sources */,
				6DA93EAF35D996BA1FDB6F12 /* PresentationView.swift in Sources */,
				20915BDA76792F846B83C89F /* PresentationViewModel.swift in Sources */,
				F8802222D7E587F29968E382 /* SlideModel.swift in Sources */,
				93A898DF93142D99A00102B4 /* TranslateView.swift in Sources */,
				73B2393FEC0DF4D958D7E78D /* TranslateViewModel.swift in Sources */,
				781BC8DA87DE5EE15E4D57AF /* TranslationModel.swift in Sources */,
				2183851E5DDC3EE3B355C8E9 /* AISidePanel.swift in Sources */,
				ABE3B70222404EBC9D6B0F8F /* CommandBar.swift in Sources */,
				8DD160485FF4C07122FF3E8A /* MainView.swift in Sources */,
				78B26539188A9A3369AB2FC1 /* SettingsView.swift in Sources */,
			);
		};
		FC1842EA2FE14D76000D55F6 /* Sources */ = {
			isa = PBXSourcesBuildPhase;
			files = (
				A10000000000000000000002 /* StudioTests.swift in Sources */,
			);
		};
		FC1842F42FE14D76000D55F6 /* Sources */ = {
			isa = PBXSourcesBuildPhase;
			files = (
				A10000000000000000000003 /* StudioUITests.swift in Sources */,
			);
		};
		FC1842FE2FE14D76000D55F6 /* Sources */ = {
			isa = PBXSourcesBuildPhase;
			files = (
				A10000000000000000000001 /* SafariWebExtensionHandler.swift in Sources */,
			);
		};
/* End PBXSourcesBuildPhase section */

/* Begin PBXTargetDependency section */
		FC1842F02FE14D76000D55F6 /* PBXTargetDependency */ = {
			isa = PBXTargetDependency;
			target = FC1842D02FE14D75000D55F6 /* Studio */;
			targetProxy = FC1842EF2FE14D76000D55F6 /* PBXContainerItemProxy */;
		};
		FC1842FA2FE14D76000D55F6 /* PBXTargetDependency */ = {
			isa = PBXTargetDependency;
			target = FC1842D02FE14D75000D55F6 /* Studio */;
			targetProxy = FC1842F92FE14D76000D55F6 /* PBXContainerItemProxy */;
		};
		FC1843052FE14D76000D55F6 /* PBXTargetDependency */ = {
			isa = PBXTargetDependency;
			target = FC1843012FE14D76000D55F6 /* Studio Extension */;
			targetProxy = FC1843042FE14D76000D55F6 /* PBXContainerItemProxy */;
		};
/* End PBXTargetDependency section */

/* Begin XCBuildConfiguration section */
		FC18431E2FE14D76000D55F6 /* Debug configuration for PBXNativeTarget "Studio Extension" */ = {
			isa = XCBuildConfiguration;
			buildSettings = {
				CODE_SIGN_STYLE = Automatic;
				CURRENT_PROJECT_VERSION = 1;
				DEVELOPMENT_TEAM = 3Z586KMX37;
				GENERATE_INFOPLIST_FILE = YES;
				INFOPLIST_FILE = "Studio Extension/Info.plist";
				INFOPLIST_KEY_CFBundleDisplayName = "Studio Extension";
				INFOPLIST_KEY_NSHumanReadableCopyright = "";
				IPHONEOS_DEPLOYMENT_TARGET = 15.0;
				LD_RUNPATH_SEARCH_PATHS = (
					"$(inherited)",
					"@executable_path/Frameworks",
					"@executable_path/../../Frameworks",
				);
				MARKETING_VERSION = 1.0;
				OTHER_LDFLAGS = (
					"-framework",
					SafariServices,
				);
				PRODUCT_BUNDLE_IDENTIFIER = com.dylans2010.Studio.Extension;
				PRODUCT_NAME = "$(TARGET_NAME)";
				SKIP_INSTALL = YES;
				STRING_CATALOG_GENERATE_SYMBOLS = YES;
				SWIFT_APPROACHABLE_CONCURRENCY = YES;
				SWIFT_EMIT_LOC_STRINGS = YES;
				SWIFT_UPCOMING_FEATURE_MEMBER_IMPORT_VISIBILITY = YES;
				SWIFT_VERSION = 5.0;
				TARGETED_DEVICE_FAMILY = "1,2";
			};
			name = Debug;
		};
		FC18431F2FE14D76000D55F6 /* Release configuration for PBXNativeTarget "Studio Extension" */ = {
			isa = XCBuildConfiguration;
			buildSettings = {
				CODE_SIGN_STYLE = Automatic;
				CURRENT_PROJECT_VERSION = 1;
				DEVELOPMENT_TEAM = 3Z586KMX37;
				GENERATE_INFOPLIST_FILE = YES;
				INFOPLIST_FILE = "Studio Extension/Info.plist";
				INFOPLIST_KEY_CFBundleDisplayName = "Studio Extension";
				INFOPLIST_KEY_NSHumanReadableCopyright = "";
				IPHONEOS_DEPLOYMENT_TARGET = 15.0;
				LD_RUNPATH_SEARCH_PATHS = (
					"$(inherited)",
					"@executable_path/Frameworks",
					"@executable_path/../../Frameworks",
				);
				MARKETING_VERSION = 1.0;
				OTHER_LDFLAGS = (
					"-framework",
					SafariServices,
				);
				PRODUCT_BUNDLE_IDENTIFIER = com.dylans2010.Studio.Extension;
				PRODUCT_NAME = "$(TARGET_NAME)";
				SKIP_INSTALL = YES;
				STRING_CATALOG_GENERATE_SYMBOLS = YES;
				SWIFT_APPROACHABLE_CONCURRENCY = YES;
				SWIFT_EMIT_LOC_STRINGS = YES;
				SWIFT_UPCOMING_FEATURE_MEMBER_IMPORT_VISIBILITY = YES;
				SWIFT_VERSION = 5.0;
				TARGETED_DEVICE_FAMILY = "1,2";
			};
			name = Release;
		};
		FC1843232FE14D76000D55F6 /* Debug configuration for PBXNativeTarget "Studio" */ = {
			isa = XCBuildConfiguration;
			buildSettings = {
				ASSETCATALOG_COMPILER_APPICON_NAME = AppIcon;
				ASSETCATALOG_COMPILER_GLOBAL_ACCENT_COLOR_NAME = AccentColor;
				CODE_SIGN_STYLE = Automatic;
				CURRENT_PROJECT_VERSION = 1;
				DEVELOPMENT_TEAM = 3Z586KMX37;
				GENERATE_INFOPLIST_FILE = YES;
				INFOPLIST_FILE = Studio/Info.plist;
				INFOPLIST_KEY_CFBundleDisplayName = Studio;
				LD_RUNPATH_SEARCH_PATHS = (
					"$(inherited)",
					"@executable_path/Frameworks",
				);
				MARKETING_VERSION = 1.0;
				OTHER_LDFLAGS = (
					"-framework",
					SafariServices,
					"-framework",
					WebKit,
				);
				PRODUCT_BUNDLE_IDENTIFIER = com.dylans2010.Studio;
				PRODUCT_NAME = "$(TARGET_NAME)";
				SDKROOT = macosx;
				SUPPORTED_PLATFORMS = "macosx";
				STRING_CATALOG_GENERATE_SYMBOLS = YES;
				SWIFT_APPROACHABLE_CONCURRENCY = YES;
				SWIFT_DEFAULT_ACTOR_ISOLATION = MainActor;
				SWIFT_EMIT_LOC_STRINGS = YES;
				SWIFT_UPCOMING_FEATURE_MEMBER_IMPORT_VISIBILITY = YES;
				SWIFT_VERSION = 5.0;
				TARGETED_DEVICE_FAMILY = 1;
			};
			name = Debug;
		};
		FC1843242FE14D76000D55F6 /* Release configuration for PBXNativeTarget "Studio" */ = {
			isa = XCBuildConfiguration;
			buildSettings = {
				ASSETCATALOG_COMPILER_APPICON_NAME = AppIcon;
				ASSETCATALOG_COMPILER_GLOBAL_ACCENT_COLOR_NAME = AccentColor;
				CODE_SIGN_STYLE = Automatic;
				CURRENT_PROJECT_VERSION = 1;
				DEVELOPMENT_TEAM = 3Z586KMX37;
				GENERATE_INFOPLIST_FILE = YES;
				INFOPLIST_FILE = Studio/Info.plist;
				INFOPLIST_KEY_CFBundleDisplayName = Studio;
				LD_RUNPATH_SEARCH_PATHS = (
					"$(inherited)",
					"@executable_path/Frameworks",
				);
				MARKETING_VERSION = 1.0;
				OTHER_LDFLAGS = (
					"-framework",
					SafariServices,
					"-framework",
					WebKit,
				);
				PRODUCT_BUNDLE_IDENTIFIER = com.dylans2010.Studio;
				PRODUCT_NAME = "$(TARGET_NAME)";
				SDKROOT = macosx;
				SUPPORTED_PLATFORMS = "macosx";
				STRING_CATALOG_GENERATE_SYMBOLS = YES;
				SWIFT_APPROACHABLE_CONCURRENCY = YES;
				SWIFT_DEFAULT_ACTOR_ISOLATION = MainActor;
				SWIFT_EMIT_LOC_STRINGS = YES;
				SWIFT_UPCOMING_FEATURE_MEMBER_IMPORT_VISIBILITY = YES;
				SWIFT_VERSION = 5.0;
				TARGETED_DEVICE_FAMILY = 1;
			};
			name = Release;
		};
		FC1843252FE14D76000D55F6 /* Debug configuration for PBXProject "Studio" */ = {
			isa = XCBuildConfiguration;
			buildSettings = {
				ALWAYS_SEARCH_USER_PATHS = NO;
				ASSETCATALOG_COMPILER_GENERATE_SWIFT_ASSET_SYMBOL_EXTENSIONS = YES;
				CLANG_ANALYZER_NONNULL = YES;
				CLANG_ANALYZER_NUMBER_OBJECT_CONVERSION = YES_AGGRESSIVE;
				CLANG_CXX_LANGUAGE_STANDARD = "gnu++20";
				CLANG_ENABLE_MODULES = YES;
				CLANG_ENABLE_OBJC_ARC = YES;
				CLANG_ENABLE_OBJC_WEAK = YES;
				CLANG_WARN_BLOCK_CAPTURE_AUTORELEASING = YES;
				CLANG_WARN_BOOL_CONVERSION = YES;
				CLANG_WARN_COMMA = YES;
				CLANG_WARN_CONSTANT_CONVERSION = YES;
				CLANG_WARN_DEPRECATED_OBJC_IMPLEMENTATIONS = YES;
				CLANG_WARN_DIRECT_OBJC_ISA_USAGE = YES_ERROR;
				CLANG_WARN_DOCUMENTATION_COMMENTS = YES;
				CLANG_WARN_EMPTY_BODY = YES;
				CLANG_WARN_ENUM_CONVERSION = YES;
				CLANG_WARN_INFINITE_RECURSION = YES;
				CLANG_WARN_INT_CONVERSION = YES;
				CLANG_WARN_NON_LITERAL_NULL_CONVERSION = YES;
				CLANG_WARN_OBJC_IMPLICIT_RETAIN_SELF = YES;
				CLANG_WARN_OBJC_LITERAL_CONVERSION = YES;
				CLANG_WARN_OBJC_ROOT_CLASS = YES_ERROR;
				CLANG_WARN_QUOTED_INCLUDE_IN_FRAMEWORK_HEADER = YES;
				CLANG_WARN_RANGE_LOOP_ANALYSIS = YES;
				CLANG_WARN_STRICT_PROTOTYPES = YES;
				CLANG_WARN_SUSPICIOUS_MOVE = YES;
				CLANG_WARN_UNGUARDED_AVAILABILITY = YES_AGGRESSIVE;
				CLANG_WARN_UNREACHABLE_CODE = YES;
				CLANG_WARN__DUPLICATE_METHOD_MATCH = YES;
				COPY_PHASE_STRIP = NO;
				DEBUG_INFORMATION_FORMAT = dwarf;
				DEVELOPMENT_TEAM = 3Z586KMX37;
				ENABLE_STRICT_OBJC_MSGSEND = YES;
				ENABLE_TESTABILITY = YES;
				ENABLE_USER_SCRIPT_SANDBOXING = YES;
				GCC_C_LANGUAGE_STANDARD = gnu17;
				GCC_DYNAMIC_NO_PIC = NO;
				GCC_NO_COMMON_BLOCKS = YES;
				GCC_OPTIMIZATION_LEVEL = 0;
				GCC_PREPROCESSOR_DEFINITIONS = (
					"DEBUG=1",
					"$(inherited)",
				);
				GCC_WARN_64_TO_32_BIT_CONVERSION = YES;
				GCC_WARN_ABOUT_RETURN_TYPE = YES_ERROR;
				GCC_WARN_UNDECLARED_SELECTOR = YES;
				GCC_WARN_UNINITIALIZED_AUTOS = YES_AGGRESSIVE;
				GCC_WARN_UNUSED_FUNCTION = YES;
				GCC_WARN_UNUSED_VARIABLE = YES;
				MACOSX_DEPLOYMENT_TARGET = 15.0;
				LOCALIZATION_PREFERS_STRING_CATALOGS = YES;
				MTL_ENABLE_DEBUG_INFO = INCLUDE_SOURCE;
				MTL_FAST_MATH = YES;
				ONLY_ACTIVE_ARCH = YES;
				SDKROOT = macosx;
				SWIFT_ACTIVE_COMPILATION_CONDITIONS = "DEBUG $(inherited)";
				SWIFT_OPTIMIZATION_LEVEL = "-Onone";
			};
			name = Debug;
		};
		FC1843262FE14D76000D55F6 /* Release configuration for PBXProject "Studio" */ = {
			isa = XCBuildConfiguration;
			buildSettings = {
				ALWAYS_SEARCH_USER_PATHS = NO;
				ASSETCATALOG_COMPILER_GENERATE_SWIFT_ASSET_SYMBOL_EXTENSIONS = YES;
				CLANG_ANALYZER_NONNULL = YES;
				CLANG_ANALYZER_NUMBER_OBJECT_CONVERSION = YES_AGGRESSIVE;
				CLANG_CXX_LANGUAGE_STANDARD = "gnu++20";
				CLANG_ENABLE_MODULES = YES;
				CLANG_ENABLE_OBJC_ARC = YES;
				CLANG_ENABLE_OBJC_WEAK = YES;
				CLANG_WARN_BLOCK_CAPTURE_AUTORELEASING = YES;
				CLANG_WARN_BOOL_CONVERSION = YES;
				CLANG_WARN_COMMA = YES;
				CLANG_WARN_CONSTANT_CONVERSION = YES;
				CLANG_WARN_DEPRECATED_OBJC_IMPLEMENTATIONS = YES;
				CLANG_WARN_DIRECT_OBJC_ISA_USAGE = YES_ERROR;
				CLANG_WARN_DOCUMENTATION_COMMENTS = YES;
				CLANG_WARN_EMPTY_BODY = YES;
				CLANG_WARN_ENUM_CONVERSION = YES;
				CLANG_WARN_INFINITE_RECURSION = YES;
				CLANG_WARN_INT_CONVERSION = YES;
				CLANG_WARN_NON_LITERAL_NULL_CONVERSION = YES;
				CLANG_WARN_OBJC_IMPLICIT_RETAIN_SELF = YES;
				CLANG_WARN_OBJC_LITERAL_CONVERSION = YES;
				CLANG_WARN_OBJC_ROOT_CLASS = YES_ERROR;
				CLANG_WARN_QUOTED_INCLUDE_IN_FRAMEWORK_HEADER = YES;
				CLANG_WARN_RANGE_LOOP_ANALYSIS = YES;
				CLANG_WARN_STRICT_PROTOTYPES = YES;
				CLANG_WARN_SUSPICIOUS_MOVE = YES;
				CLANG_WARN_UNGUARDED_AVAILABILITY = YES_AGGRESSIVE;
				CLANG_WARN_UNREACHABLE_CODE = YES;
				CLANG_WARN__DUPLICATE_METHOD_MATCH = YES;
				COPY_PHASE_STRIP = NO;
				DEBUG_INFORMATION_FORMAT = "dwarf-with-dsym";
				DEVELOPMENT_TEAM = 3Z586KMX37;
				ENABLE_NS_ASSERTIONS = NO;
				ENABLE_STRICT_OBJC_MSGSEND = YES;
				ENABLE_USER_SCRIPT_SANDBOXING = YES;
				GCC_C_LANGUAGE_STANDARD = gnu17;
				GCC_NO_COMMON_BLOCKS = YES;
				GCC_WARN_64_TO_32_BIT_CONVERSION = YES;
				GCC_WARN_ABOUT_RETURN_TYPE = YES_ERROR;
				GCC_WARN_UNDECLARED_SELECTOR = YES;
				GCC_WARN_UNINITIALIZED_AUTOS = YES_AGGRESSIVE;
				GCC_WARN_UNUSED_FUNCTION = YES;
				GCC_WARN_UNUSED_VARIABLE = YES;
				MACOSX_DEPLOYMENT_TARGET = 15.0;
				LOCALIZATION_PREFERS_STRING_CATALOGS = YES;
				MTL_ENABLE_DEBUG_INFO = NO;
				MTL_FAST_MATH = YES;
				SDKROOT = macosx;
				SWIFT_COMPILATION_MODE = wholemodule;
				VALIDATE_PRODUCT = YES;
			};
			name = Release;
		};
		FC1843282FE14D76000D55F6 /* Debug configuration for PBXNativeTarget "StudioTests" */ = {
			isa = XCBuildConfiguration;
			buildSettings = {
				BUNDLE_LOADER = "$(TEST_HOST)";
				CODE_SIGN_STYLE = Automatic;
				CURRENT_PROJECT_VERSION = 1;
				DEVELOPMENT_TEAM = 3Z586KMX37;
				GENERATE_INFOPLIST_FILE = YES;
				IPHONEOS_DEPLOYMENT_TARGET = 15.0;
				MARKETING_VERSION = 1.0;
				PRODUCT_BUNDLE_IDENTIFIER = com.dylans2010.StudioTests;
				PRODUCT_NAME = "$(TARGET_NAME)";
				STRING_CATALOG_GENERATE_SYMBOLS = NO;
				SWIFT_APPROACHABLE_CONCURRENCY = YES;
				SWIFT_EMIT_LOC_STRINGS = NO;
				SWIFT_UPCOMING_FEATURE_MEMBER_IMPORT_VISIBILITY = YES;
				SWIFT_VERSION = 5.0;
				TARGETED_DEVICE_FAMILY = "1,2";
				TEST_HOST = "$(BUILT_PRODUCTS_DIR)/Studio.app/$(BUNDLE_EXECUTABLE_FOLDER_PATH)/Studio";
			};
			name = Debug;
		};
		FC1843292FE14D76000D55F6 /* Release configuration for PBXNativeTarget "StudioTests" */ = {
			isa = XCBuildConfiguration;
			buildSettings = {
				BUNDLE_LOADER = "$(TEST_HOST)";
				CODE_SIGN_STYLE = Automatic;
				CURRENT_PROJECT_VERSION = 1;
				DEVELOPMENT_TEAM = 3Z586KMX37;
				GENERATE_INFOPLIST_FILE = YES;
				IPHONEOS_DEPLOYMENT_TARGET = 15.0;
				MARKETING_VERSION = 1.0;
				PRODUCT_BUNDLE_IDENTIFIER = com.dylans2010.StudioTests;
				PRODUCT_NAME = "$(TARGET_NAME)";
				STRING_CATALOG_GENERATE_SYMBOLS = NO;
				SWIFT_APPROACHABLE_CONCURRENCY = YES;
				SWIFT_EMIT_LOC_STRINGS = NO;
				SWIFT_UPCOMING_FEATURE_MEMBER_IMPORT_VISIBILITY = YES;
				SWIFT_VERSION = 5.0;
				TARGETED_DEVICE_FAMILY = "1,2";
				TEST_HOST = "$(BUILT_PRODUCTS_DIR)/Studio.app/$(BUNDLE_EXECUTABLE_FOLDER_PATH)/Studio";
			};
			name = Release;
		};
		FC18432B2FE14D76000D55F6 /* Debug configuration for PBXNativeTarget "StudioUITests" */ = {
			isa = XCBuildConfiguration;
			buildSettings = {
				CODE_SIGN_STYLE = Automatic;
				CURRENT_PROJECT_VERSION = 1;
				DEVELOPMENT_TEAM = 3Z586KMX37;
				GENERATE_INFOPLIST_FILE = YES;
				MARKETING_VERSION = 1.0;
				PRODUCT_BUNDLE_IDENTIFIER = com.dylans2010.StudioUITests;
				PRODUCT_NAME = "$(TARGET_NAME)";
				STRING_CATALOG_GENERATE_SYMBOLS = NO;
				SWIFT_APPROACHABLE_CONCURRENCY = YES;
				SWIFT_EMIT_LOC_STRINGS = NO;
				SWIFT_UPCOMING_FEATURE_MEMBER_IMPORT_VISIBILITY = YES;
				SWIFT_VERSION = 5.0;
				TARGETED_DEVICE_FAMILY = "1,2";
				TEST_TARGET_NAME = Studio;
			};
			name = Debug;
		};
		FC18432C2FE14D76000D55F6 /* Release configuration for PBXNativeTarget "StudioUITests" */ = {
			isa = XCBuildConfiguration;
			buildSettings = {
				CODE_SIGN_STYLE = Automatic;
				CURRENT_PROJECT_VERSION = 1;
				DEVELOPMENT_TEAM = 3Z586KMX37;
				GENERATE_INFOPLIST_FILE = YES;
				MARKETING_VERSION = 1.0;
				PRODUCT_BUNDLE_IDENTIFIER = com.dylans2010.StudioUITests;
				PRODUCT_NAME = "$(TARGET_NAME)";
				STRING_CATALOG_GENERATE_SYMBOLS = NO;
				SWIFT_APPROACHABLE_CONCURRENCY = YES;
				SWIFT_EMIT_LOC_STRINGS = NO;
				SWIFT_UPCOMING_FEATURE_MEMBER_IMPORT_VISIBILITY = YES;
				SWIFT_VERSION = 5.0;
				TARGETED_DEVICE_FAMILY = "1,2";
				TEST_TARGET_NAME = Studio;
			};
			name = Release;
		};
/* End XCBuildConfiguration section */

/* Begin XCConfigurationList section */
		FC1842CC2FE14D75000D55F6 /* Build configuration list for PBXProject "Studio" */ = {
			isa = XCConfigurationList;
			buildConfigurations = (
				FC1843252FE14D76000D55F6 /* Debug configuration for PBXProject "Studio" */,
				FC1843262FE14D76000D55F6 /* Release configuration for PBXProject "Studio" */,
			);
			defaultConfigurationName = Release;
		};
		FC18431D2FE14D76000D55F6 /* Build configuration list for PBXNativeTarget "Studio Extension" */ = {
			isa = XCConfigurationList;
			buildConfigurations = (
				FC18431E2FE14D76000D55F6 /* Debug configuration for PBXNativeTarget "Studio Extension" */,
				FC18431F2FE14D76000D55F6 /* Release configuration for PBXNativeTarget "Studio Extension" */,
			);
			defaultConfigurationName = Release;
		};
		FC1843222FE14D76000D55F6 /* Build configuration list for PBXNativeTarget "Studio" */ = {
			isa = XCConfigurationList;
			buildConfigurations = (
				FC1843232FE14D76000D55F6 /* Debug configuration for PBXNativeTarget "Studio" */,
				FC1843242FE14D76000D55F6 /* Release configuration for PBXNativeTarget "Studio" */,
			);
			defaultConfigurationName = Release;
		};
		FC1843272FE14D76000D55F6 /* Build configuration list for PBXNativeTarget "StudioTests" */ = {
			isa = XCConfigurationList;
			buildConfigurations = (
				FC1843282FE14D76000D55F6 /* Debug configuration for PBXNativeTarget "StudioTests" */,
				FC1843292FE14D76000D55F6 /* Release configuration for PBXNativeTarget "StudioTests" */,
			);
			defaultConfigurationName = Release;
		};
		FC18432A2FE14D76000D55F6 /* Build configuration list for PBXNativeTarget "StudioUITests" */ = {
			isa = XCConfigurationList;
			buildConfigurations = (
				FC18432B2FE14D76000D55F6 /* Debug configuration for PBXNativeTarget "StudioUITests" */,
				FC18432C2FE14D76000D55F6 /* Release configuration for PBXNativeTarget "StudioUITests" */,
			);
			defaultConfigurationName = Release;
		};
/* End XCConfigurationList section */
	};
	rootObject = FC1842C92FE14D75000D55F6 /* Project object */;
	validationLevel = 1;
}
